// !$*UTF8*$!
{
	archiveVersion = 1;
	classes = {
	};
	objectVersion = 46;
	objects = {

/* Begin PBXBuildFile section */
		79AF178E1C1BD22A00C8C1CA /* main.m in Sources */ = {isa = PBXBuildFile; fileRef = 79AF178D1C1BD22A00C8C1CA /* main.m */; };
/* End PBXBuildFile section */

/* Begin PBXCopyFilesBuildPhase section */
		79AF17881C1BD22A00C8C1CA /* CopyFiles */ = {
			isa = PBXCopyFilesBuildPhase;
			buildActionMask = 2147483647;
			dstPath = /usr/share/man/man1/;
			dstSubfolderSpec = 0;
			files = (
			);
			runOnlyForDeploymentPostprocessing = 1;
		};
/* End PBXCopyFilesBuildPhase section */

/* Begin PBXFileReference section */
		79AF178A1C1BD22A00C8C1CA /* Shapes-Procedural */ = {isa = PBXFileReference; explicitFileType = "compiled.mach-o.executable"; includeInIndex = 0; path = "Shapes-Procedural"; sourceTree = BUILT_PRODUCTS_DIR; };
		79AF178D1C1BD22A00C8C1CA /* main.m */ = {isa = PBXFileReference; lastKnownFileType = sourcecode.c.objc; path = main.m; sourceTree = "<group>"; };
/* End PBXFileReference section */

/* Begin PBXFrameworksBuildPhase section */
		79AF17871C1BD22A00C8C1CA /* Frameworks */ = {
			isa = PBXFrameworksBuildPhase;
			buildActionMask = 2147483647;
			files = (
			);
			runOnlyForDeploymentPostprocessing = 0;
		};
/* End PBXFrameworksBuildPhase section */

/* Begin PBXGroup section */
		79AF17811C1BD22A00C8C1CA = {
			isa = PBXGroup;
			children = (
				79AF178C1C1BD22A00C8C1CA /* Shapes-Procedural */,
				79AF178B1C1BD22A00C8C1CA /* Products */,
			);
			sourceTree = "<group>";
		};
		79AF178B1C1BD22A00C8C1CA /* Products */ = {
			isa = PBXGroup;
			children = (
				79AF178A1C1BD22A00C8C1CA /* Shapes-Procedural */,
			);
			name = Products;
			sourceTree = "<group>";
		};
		79AF178C1C1BD22A00C8C1CA /* Shapes-Procedural */ = {
			isa = PBXGroup;
			children = (
				79AF178D1C1BD22A00C8C1CA /* main.m */,
			);
			path = "Shapes-Procedural";
			sourceTree = "<group>";
		};
/* End PBXGroup section */

/* Begin PBXNativeTarget section */
		79AF17891C1BD22A00C8C1CA /* Shapes-Procedural */ = {
			isa = PBXNativeTarget;
			buildConfigurationList = 79AF17911C1BD22A00C8C1CA /* Build configuration list for PBXNativeTarget "Shapes-Procedural" */;
			buildPhases = (
				79AF17861C1BD22A00C8C1CA /* Sources */,
				79AF17871C1BD22A00C8C1CA /* Frameworks */,
				79AF17881C1BD22A00C8C1CA /* CopyFiles */,
			);
			buildRules = (
			);
			dependencies = (
			);
			name = "Shapes-Procedural";
			productName = "Shapes-Procedural";
			productReference = 79AF178A1C1BD22A00C8C1CA /* Shapes-Procedural */;
			productType = "com.apple.product-type.tool";
		};
/* End PBXNativeTarget section */

/* Begin PBXProject section */
		79AF17821C1BD22A00C8C1CA /* Project object */ = {
			isa = PBXProject;
			attributes = {
				LastUpgradeCheck = 0710;
				ORGANIZATIONNAME = "Richard Cao";
				TargetAttributes = {
					79AF17891C1BD22A00C8C1CA = {
						CreatedOnToolsVersion = 7.1.1;
					};
				};
			};
			buildConfigurationList = 79AF17851C1BD22A00C8C1CA /* Build configuration list for PBXProject "Shapes-Procedural" */;
			compatibilityVersion = "Xcode 3.2";
			developmentRegion = English;
			hasScannedForEncodings = 0;
			knownRegions = (
				en,
			);
			mainGroup = 79AF17811C1BD22A00C8C1CA;
			productRefGroup = 79AF178B1C1BD22A00C8C1CA /* Products */;
			projectDirPath = "";
			projectRoot = "";
			targets = (
				79AF17891C1BD22A00C8C1CA /* Shapes-Procedural */,
			);
		};
/* End PBXProject section */

/* Begin PBXSourcesBuildPhase section */
		79AF17861C1BD22A00C8C1CA /* Sources */ = {
			isa = PBXSourcesBuildPhase;
			buildActionMask = 2147483647;
			files = (
				79AF178E1C1BD22A00C8C1CA /* main.m in Sources */,
			);
			runOnlyForDeploymentPostprocessing = 0;
		};
/* End PBXSourcesBuildPhase section */

/* Begin XCBuildConfiguration section */
		79AF178F1C1BD22A00C8C1CA /* Debug */ = {
			isa = XCBuildConfiguration;
			buildSettings = {
				ALWAYS_SEARCH_USER_PATHS = NO;
				CLANG_CXX_LANGUAGE_STANDARD = "gnu++0x";
				CLANG_CXX_LIBRARY = "libc++";
				CLANG_ENABLE_MODULES = YES;
				CLANG_ENABLE_OBJC_ARC = YES;
				CLANG_WARN_BOOL_CONVERSION = YES;
				CLANG_WARN_CONSTANT_CONVERSION = YES;
				CLANG_WARN_DIRECT_OBJC_ISA_USAGE = YES_ERROR;
				CLANG_WARN_EMPTY_BODY = YES;
				CLANG_WARN_ENUM_CONVERSION = YES;
				CLANG_WARN_INT_CONVERSION = YES;
				CLANG_WARN_OBJC_ROOT_CLASS = YES_ERROR;
				CLANG_WARN_UNREACHABLE_CODE = YES;
				CLANG_WARN__DUPLICATE_METHOD_MATCH = YES;
				CODE_SIGN_IDENTITY = "-";
				COPY_PHASE_STRIP = NO;
				DEBUG_INFORMATION_FORMAT = dwarf;
				ENABLE_STRICT_OBJC_MSGSEND = YES;
				ENABLE_TESTABILITY = YES;
				GCC_C_LANGUAGE_STANDARD = gnu99;
				GCC_DYNAMIC_NO_PIC = NO;
				GCC_NO_COMMON_BLOCKS = YES;
				GCC_OPTIMIZATION_LEVEL = 0;
				GCC_PREPROCESSOR_DEFINITIONS = (
					"DEBUG=1",
					"$(inherited)",
				);
				GCC_WARN_64_TO_32_BIT_CONVERSION = YES;
				GCC_WARN_ABOUT_RETURN_TYPE = YES_ERROR;
				GCC_WARN_UNDECLARED_SELECTOR = YES;
				GCC_WARN_UNINITIALIZED_AUTOS = YES_AGGRESSIVE;
				GCC_WARN_UNUSED_FUNCTION = YES;
				GCC_WARN_UNUSED_VARIABLE = YES;
				MACOSX_DEPLOYMENT_TARGET = 10.11;
				MTL_ENABLE_DEBUG_INFO = YES;
				ONLY_ACTIVE_ARCH = YES;
				SDKROOT = macosx;
			};
			name = Debug;
		};
		79AF17901C1BD22A00C8C1CA /* Release */ = {
			isa = XCBuildConfiguration;
			buildSettings = {
				ALWAYS_SEARCH_USER_PATHS = NO;
				CLANG_CXX_LANGUAGE_STANDARD = "gnu++0x";
				CLANG_CXX_LIBRARY = "libc++";
				CLANG_ENABLE_MODULES = YES;
				CLANG_ENABLE_OBJC_ARC = YES;
				CLANG_WARN_BOOL_CONVERSION = YES;
				CLANG_WARN_CONSTANT_CONVERSION = YES;
				CLANG_WARN_DIRECT_OBJC_ISA_USAGE = YES_ERROR;
				CLANG_WARN_EMPTY_BODY = YES;
				CLANG_WARN_ENUM_CONVERSION = YES;
				CLANG_WARN_INT_CONVERSION = YES;
				CLANG_WARN_OBJC_ROOT_CLASS = YES_ERROR;
				CLANG_WARN_UNREACHABLE_CODE = YES;
				CLANG_WARN__DUPLICATE_METHOD_MATCH = YES;
				CODE_SIGN_IDENTITY = "-";
				COPY_PHASE_STRIP = NO;
				DEBUG_INFORMATION_FORMAT = "dwarf-with-dsym";
				ENABLE_NS_ASSERTIONS = NO;
				ENABLE_STRICT_OBJC_MSGSEND = YES;
				GCC_C_LANGUAGE_STANDARD = gnu99;
				GCC_NO_COMMON_BLOCKS = YES;
				GCC_WARN_64_TO_32_BIT_CONVERSION = YES;
				GCC_WARN_ABOUT_RETURN_TYPE = YES_ERROR;
				GCC_WARN_UNDECLARED_SELECTOR = YES;
				GCC_WARN_UNINITIALIZED_AUTOS = YES_AGGRESSIVE;
				GCC_WARN_UNUSED_FUNCTION = YES;
				GCC_WARN_UNUSED_VARIABLE = YES;
				MACOSX_DEPLOYMENT_TARGET = 10.11;
				MTL_ENABLE_DEBUG_INFO = NO;
				SDKROOT = macosx;
			};
			name = Release;
		};
		79AF17921C1BD22A00C8C1CA /* Debug */ = {
			isa = XCBuildConfiguration;
			buildSettings = {
				PRODUCT_NAME = "$(TARGET_NAME)";
			};
			name = Debug;
		};
		79AF17931C1BD22A00C8C1CA /* Release */ = {
			isa = XCBuildConfiguration;
			buildSettings = {
				PRODUCT_NAME = "$(TARGET_NAME)";
			};
			name = Release;
		};
/* End XCBuildConfiguration section */

/* Begin XCConfigurationList section */
		79AF17851C1BD22A00C8C1CA /* Build configuration list for PBXProject "Shapes-Procedural" */ = {
			isa = XCConfigurationList;
			buildConfigurations = (
				79AF178F1C1BD22A00C8C1CA /* Debug */,
				79AF17901C1BD22A00C8C1CA /* Release */,
			);
			defaultConfigurationIsVisible = 0;
			defaultConfigurationName = Release;
		};
		79AF17911C1BD22A00C8C1CA /* Build configuration list for PBXNativeTarget "Shapes-Procedural" */ = {
			isa = XCConfigurationList;
			buildConfigurations = (
				79AF17921C1BD22A00C8C1CA /* Debug */,
				79AF17931C1BD22A00C8C1CA /* Release */,
			);
			defaultConfigurationIsVisible = 0;
		};
/* End XCConfigurationList section */
	};
	rootObject = 79AF17821C1BD22A00C8C1CA /* Project object */;
}
